
Microsoft Visual Studio Solution File, Format Version 12.00
# Visual Studio 15
VisualStudioVersion = 15.0.28307.852
MinimumVisualStudioVersion = 10.0.40219.1
Project("{8BC9CEB8-8B4A-11D0-8D11-00A0C91BC942}") = "Puncture", "Source\Puncture\Puncture.vcxproj", "{5CCFFA59-A711-4F08-8E17-B765E3DB3346}"
	ProjectSection(ProjectDependencies) = postProject
		{9E8C3204-6536-4E34-A184-7B727EA2D738} = {9E8C3204-6536-4E34-A184-7B727EA2D738}
		{07BAC927-A2F2-4C52-8C42-C2EA5F1D96E1} = {07BAC927-A2F2-4C52-8C42-C2EA5F1D96E1}
		{C787662E-9A6B-445E-847A-89DD4A27CA49} = {C787662E-9A6B-445E-847A-89DD4A27CA49}
		{317F8231-4971-461B-8502-04A1A065E3D5} = {317F8231-4971-461B-8502-04A1A065E3D5}
		{E7CD4A43-2F86-4E27-B90C-C3E5FDF7D630} = {E7CD4A43-2F86-4E27-B90C-C3E5FDF7D630}
		{DD09B759-452B-4BD1-ACBE-AF1E471FA348} = {DD09B759-452B-4BD1-ACBE-AF1E471FA348}
		{C902157D-A673-476E-8792-6AFFD365E27B} = {C902157D-A673-476E-8792-6AFFD365E27B}
		{6D1FAEAE-885F-45E4-AC73-DBE50E5E53E2} = {6D1FAEAE-885F-45E4-AC73-DBE50E5E53E2}
	EndProjectSection
EndProject
Project("{8BC9CEB8-8B4A-11D0-8D11-00A0C91BC942}") = "ErrorManager", "Source\ErrorManager\ErrorManager.vcxproj", "{DD09B759-452B-4BD1-ACBE-AF1E471FA348}"
	ProjectSection(ProjectDependencies) = postProject
		{C902157D-A673-476E-8792-6AFFD365E27B} = {C902157D-A673-476E-8792-6AFFD365E27B}
	EndProjectSection
EndProject
Project("{8BC9CEB8-8B4A-11D0-8D11-00A0C91BC942}") = "NDIOperator", "Source\NDIOperator\NDIOperator.vcxproj", "{317F8231-4971-461B-8502-04A1A065E3D5}"
	ProjectSection(ProjectDependencies) = postProject
		{E7CD4A43-2F86-4E27-B90C-C3E5FDF7D630} = {E7CD4A43-2F86-4E27-B90C-C3E5FDF7D630}
		{DD09B759-452B-4BD1-ACBE-AF1E471FA348} = {DD09B759-452B-4BD1-ACBE-AF1E471FA348}
		{C902157D-A673-476E-8792-6AFFD365E27B} = {C902157D-A673-476E-8792-6AFFD365E27B}
	EndProjectSection
EndProject
Project("{8BC9CEB8-8B4A-11D0-8D11-00A0C91BC942}") = "SurgicalPlan", "Source\SurgicalPlan\SurgicalPlan.vcxproj", "{C787662E-9A6B-445E-847A-89DD4A27CA49}"
	ProjectSection(ProjectDependencies) = postProject
		{9E8C3204-6536-4E34-A184-7B727EA2D738} = {9E8C3204-6536-4E34-A184-7B727EA2D738}
		{317F8231-4971-461B-8502-04A1A065E3D5} = {317F8231-4971-461B-8502-04A1A065E3D5}
		{E7CD4A43-2F86-4E27-B90C-C3E5FDF7D630} = {E7CD4A43-2F86-4E27-B90C-C3E5FDF7D630}
		{DD09B759-452B-4BD1-ACBE-AF1E471FA348} = {DD09B759-452B-4BD1-ACBE-AF1E471FA348}
		{C902157D-A673-476E-8792-6AFFD365E27B} = {C902157D-A673-476E-8792-6AFFD365E27B}
		{6D1FAEAE-885F-45E4-AC73-DBE50E5E53E2} = {6D1FAEAE-885F-45E4-AC73-DBE50E5E53E2}
	EndProjectSection
EndProject
Project("{8BC9CEB8-8B4A-11D0-8D11-00A0C91BC942}") = "USBCapturer", "Source\USBCapturer\USBCapturer.vcxproj", "{6D1FAEAE-885F-45E4-AC73-DBE50E5E53E2}"
	ProjectSection(ProjectDependencies) = postProject
		{E7CD4A43-2F86-4E27-B90C-C3E5FDF7D630} = {E7CD4A43-2F86-4E27-B90C-C3E5FDF7D630}
		{DD09B759-452B-4BD1-ACBE-AF1E471FA348} = {DD09B759-452B-4BD1-ACBE-AF1E471FA348}
		{C902157D-A673-476E-8792-6AFFD365E27B} = {C902157D-A673-476E-8792-6AFFD365E27B}
	EndProjectSection
EndProject
Project("{8BC9CEB8-8B4A-11D0-8D11-00A0C91BC942}") = "ComUtility", "Source\ComUtility\ComUtility.vcxproj", "{C902157D-A673-476E-8792-6AFFD365E27B}"
EndProject
Project("{8BC9CEB8-8B4A-11D0-8D11-00A0C91BC942}") = "ImageRender", "Source\ImageRender\ImageRender.vcxproj", "{9E8C3204-6536-4E34-A184-7B727EA2D738}"
	ProjectSection(ProjectDependencies) = postProject
		{E7CD4A43-2F86-4E27-B90C-C3E5FDF7D630} = {E7CD4A43-2F86-4E27-B90C-C3E5FDF7D630}
		{DD09B759-452B-4BD1-ACBE-AF1E471FA348} = {DD09B759-452B-4BD1-ACBE-AF1E471FA348}
		{C902157D-A673-476E-8792-6AFFD365E27B} = {C902157D-A673-476E-8792-6AFFD365E27B}
	EndProjectSection
EndProject
Project("{8BC9CEB8-8B4A-11D0-8D11-00A0C91BC942}") = "CAPIcommon", "Source\CAPIcommon\CAPIcommon.vcxproj", "{E7CD4A43-2F86-4E27-B90C-C3E5FDF7D630}"
	ProjectSection(ProjectDependencies) = postProject
		{C902157D-A673-476E-8792-6AFFD365E27B} = {C902157D-A673-476E-8792-6AFFD365E27B}
	EndProjectSection
EndProject
Project("{8BC9CEB8-8B4A-11D0-8D11-00A0C91BC942}") = "AnalyseProcess", "Source\AnalyseProcess\AnalyseProcess.vcxproj", "{07BAC927-A2F2-4C52-8C42-C2EA5F1D96E1}"
	ProjectSection(ProjectDependencies) = postProject
		{9E8C3204-6536-4E34-A184-7B727EA2D738} = {9E8C3204-6536-4E34-A184-7B727EA2D738}
		{C787662E-9A6B-445E-847A-89DD4A27CA49} = {C787662E-9A6B-445E-847A-89DD4A27CA49}
		{317F8231-4971-461B-8502-04A1A065E3D5} = {317F8231-4971-461B-8502-04A1A065E3D5}
		{E7CD4A43-2F86-4E27-B90C-C3E5FDF7D630} = {E7CD4A43-2F86-4E27-B90C-C3E5FDF7D630}
		{DD09B759-452B-4BD1-ACBE-AF1E471FA348} = {DD09B759-452B-4BD1-ACBE-AF1E471FA348}
		{C902157D-A673-476E-8792-6AFFD365E27B} = {C902157D-A673-476E-8792-6AFFD365E27B}
		{6D1FAEAE-885F-45E4-AC73-DBE50E5E53E2} = {6D1FAEAE-885F-45E4-AC73-DBE50E5E53E2}
	EndProjectSection
EndProject
Project("{8BC9CEB8-8B4A-11D0-8D11-00A0C91BC942}") = "Calibrate", "Source\Calibrate\Calibrate.vcxproj", "{0DC09B76-6305-414D-A90B-65DB1C91D2C5}"
	ProjectSection(ProjectDependencies) = postProject
		{9E8C3204-6536-4E34-A184-7B727EA2D738} = {9E8C3204-6536-4E34-A184-7B727EA2D738}
		{07BAC927-A2F2-4C52-8C42-C2EA5F1D96E1} = {07BAC927-A2F2-4C52-8C42-C2EA5F1D96E1}
		{C787662E-9A6B-445E-847A-89DD4A27CA49} = {C787662E-9A6B-445E-847A-89DD4A27CA49}
		{317F8231-4971-461B-8502-04A1A065E3D5} = {317F8231-4971-461B-8502-04A1A065E3D5}
		{E7CD4A43-2F86-4E27-B90C-C3E5FDF7D630} = {E7CD4A43-2F86-4E27-B90C-C3E5FDF7D630}
		{DD09B759-452B-4BD1-ACBE-AF1E471FA348} = {DD09B759-452B-4BD1-ACBE-AF1E471FA348}
		{C902157D-A673-476E-8792-6AFFD365E27B} = {C902157D-A673-476E-8792-6AFFD365E27B}
		{6D1FAEAE-885F-45E4-AC73-DBE50E5E53E2} = {6D1FAEAE-885F-45E4-AC73-DBE50E5E53E2}
	EndProjectSection
EndProject
Global
	GlobalSection(SolutionConfigurationPlatforms) = preSolution
		Debug|x64 = Debug|x64
		Debug|x86 = Debug|x86
		Release|x64 = Release|x64
		Release|x86 = Release|x86
	EndGlobalSection
	GlobalSection(ProjectConfigurationPlatforms) = postSolution
		{5CCFFA59-A711-4F08-8E17-B765E3DB3346}.Debug|x64.ActiveCfg = Debug|x64
		{5CCFFA59-A711-4F08-8E17-B765E3DB3346}.Debug|x64.Build.0 = Debug|x64
		{5CCFFA59-A711-4F08-8E17-B765E3DB3346}.Debug|x86.ActiveCfg = Debug|Win32
		{5CCFFA59-A711-4F08-8E17-B765E3DB3346}.Debug|x86.Build.0 = Debug|Win32
		{5CCFFA59-A711-4F08-8E17-B765E3DB3346}.Release|x64.ActiveCfg = Release|x64
		{5CCFFA59-A711-4F08-8E17-B765E3DB3346}.Release|x64.Build.0 = Release|x64
		{5CCFFA59-A711-4F08-8E17-B765E3DB3346}.Release|x86.ActiveCfg = Release|Win32
		{5CCFFA59-A711-4F08-8E17-B765E3DB3346}.Release|x86.Build.0 = Release|Win32
		{DD09B759-452B-4BD1-ACBE-AF1E471FA348}.Debug|x64.ActiveCfg = Debug|x64
		{DD09B759-452B-4BD1-ACBE-AF1E471FA348}.Debug|x64.Build.0 = Debug|x64
		{DD09B759-452B-4BD1-ACBE-AF1E471FA348}.Debug|x86.ActiveCfg = Debug|Win32
		{DD09B759-452B-4BD1-ACBE-AF1E471FA348}.Debug|x86.Build.0 = Debug|Win32
		{DD09B759-452B-4BD1-ACBE-AF1E471FA348}.Release|x64.ActiveCfg = Release|x64
		{DD09B759-452B-4BD1-ACBE-AF1E471FA348}.Release|x64.Build.0 = Release|x64
		{DD09B759-452B-4BD1-ACBE-AF1E471FA348}.Release|x86.ActiveCfg = Release|Win32
		{DD09B759-452B-4BD1-ACBE-AF1E471FA348}.Release|x86.Build.0 = Release|Win32
		{317F8231-4971-461B-8502-04A1A065E3D5}.Debug|x64.ActiveCfg = Debug|x64
		{317F8231-4971-461B-8502-04A1A065E3D5}.Debug|x64.Build.0 = Debug|x64
		{317F8231-4971-461B-8502-04A1A065E3D5}.Debug|x86.ActiveCfg = Debug|Win32
		{317F8231-4971-461B-8502-04A1A065E3D5}.Debug|x86.Build.0 = Debug|Win32
		{317F8231-4971-461B-8502-04A1A065E3D5}.Release|x64.ActiveCfg = Release|x64
		{317F8231-4971-461B-8502-04A1A065E3D5}.Release|x64.Build.0 = Release|x64
		{317F8231-4971-461B-8502-04A1A065E3D5}.Release|x86.ActiveCfg = Release|Win32
		{317F8231-4971-461B-8502-04A1A065E3D5}.Release|x86.Build.0 = Release|Win32
		{C787662E-9A6B-445E-847A-89DD4A27CA49}.Debug|x64.ActiveCfg = Debug|x64
		{C787662E-9A6B-445E-847A-89DD4A27CA49}.Debug|x64.Build.0 = Debug|x64
		{C787662E-9A6B-445E-847A-89DD4A27CA49}.Debug|x86.ActiveCfg = Debug|Win32
		{C787662E-9A6B-445E-847A-89DD4A27CA49}.Debug|x86.Build.0 = Debug|Win32
		{C787662E-9A6B-445E-847A-89DD4A27CA49}.Release|x64.ActiveCfg = Release|x64
		{C787662E-9A6B-445E-847A-89DD4A27CA49}.Release|x64.Build.0 = Release|x64
		{C787662E-9A6B-445E-847A-89DD4A27CA49}.Release|x86.ActiveCfg = Release|Win32
		{C787662E-9A6B-445E-847A-89DD4A27CA49}.Release|x86.Build.0 = Release|Win32
		{6D1FAEAE-885F-45E4-AC73-DBE50E5E53E2}.Debug|x64.ActiveCfg = Debug|x64
		{6D1FAEAE-885F-45E4-AC73-DBE50E5E53E2}.Debug|x64.Build.0 = Debug|x64
		{6D1FAEAE-885F-45E4-AC73-DBE50E5E53E2}.Debug|x86.ActiveCfg = Debug|Win32
		{6D1FAEAE-885F-45E4-AC73-DBE50E5E53E2}.Debug|x86.Build.0 = Debug|Win32
		{6D1FAEAE-885F-45E4-AC73-DBE50E5E53E2}.Release|x64.ActiveCfg = Release|x64
		{6D1FAEAE-885F-45E4-AC73-DBE50E5E53E2}.Release|x64.Build.0 = Release|x64
		{6D1FAEAE-885F-45E4-AC73-DBE50E5E53E2}.Release|x86.ActiveCfg = Release|Win32
		{6D1FAEAE-885F-45E4-AC73-DBE50E5E53E2}.Release|x86.Build.0 = Release|Win32
		{C902157D-A673-476E-8792-6AFFD365E27B}.Debug|x64.ActiveCfg = Debug|x64
		{C902157D-A673-476E-8792-6AFFD365E27B}.Debug|x64.Build.0 = Debug|x64
		{C902157D-A673-476E-8792-6AFFD365E27B}.Debug|x86.ActiveCfg = Debug|Win32
		{C902157D-A673-476E-8792-6AFFD365E27B}.Debug|x86.Build.0 = Debug|Win32
		{C902157D-A673-476E-8792-6AFFD365E27B}.Release|x64.ActiveCfg = Release|x64
		{C902157D-A673-476E-8792-6AFFD365E27B}.Release|x64.Build.0 = Release|x64
		{C902157D-A673-476E-8792-6AFFD365E27B}.Release|x86.ActiveCfg = Release|Win32
		{C902157D-A673-476E-8792-6AFFD365E27B}.Release|x86.Build.0 = Release|Win32
		{9E8C3204-6536-4E34-A184-7B727EA2D738}.Debug|x64.ActiveCfg = Debug|x64
		{9E8C3204-6536-4E34-A184-7B727EA2D738}.Debug|x64.Build.0 = Debug|x64
		{9E8C3204-6536-4E34-A184-7B727EA2D738}.Debug|x86.ActiveCfg = Debug|Win32
		{9E8C3204-6536-4E34-A184-7B727EA2D738}.Debug|x86.Build.0 = Debug|Win32
		{9E8C3204-6536-4E34-A184-7B727EA2D738}.Release|x64.ActiveCfg = Release|x64
		{9E8C3204-6536-4E34-A184-7B727EA2D738}.Release|x64.Build.0 = Release|x64
		{9E8C3204-6536-4E34-A184-7B727EA2D738}.Release|x86.ActiveCfg = Release|Win32
		{9E8C3204-6536-4E34-A184-7B727EA2D738}.Release|x86.Build.0 = Release|Win32
		{E7CD4A43-2F86-4E27-B90C-C3E5FDF7D630}.Debug|x64.ActiveCfg = Debug|x64
		{E7CD4A43-2F86-4E27-B90C-C3E5FDF7D630}.Debug|x64.Build.0 = Debug|x64
		{E7CD4A43-2F86-4E27-B90C-C3E5FDF7D630}.Debug|x86.ActiveCfg = Debug|Win32
		{E7CD4A43-2F86-4E27-B90C-C3E5FDF7D630}.Debug|x86.Build.0 = Debug|Win32
		{E7CD4A43-2F86-4E27-B90C-C3E5FDF7D630}.Release|x64.ActiveCfg = Release|x64
		{E7CD4A43-2F86-4E27-B90C-C3E5FDF7D630}.Release|x64.Build.0 = Release|x64
		{E7CD4A43-2F86-4E27-B90C-C3E5FDF7D630}.Release|x86.ActiveCfg = Release|Win32
		{E7CD4A43-2F86-4E27-B90C-C3E5FDF7D630}.Release|x86.Build.0 = Release|Win32
		{07BAC927-A2F2-4C52-8C42-C2EA5F1D96E1}.Debug|x64.ActiveCfg = Debug|x64
		{07BAC927-A2F2-4C52-8C42-C2EA5F1D96E1}.Debug|x64.Build.0 = Debug|x64
		{07BAC927-A2F2-4C52-8C42-C2EA5F1D96E1}.Debug|x86.ActiveCfg = Debug|Win32
		{07BAC927-A2F2-4C52-8C42-C2EA5F1D96E1}.Debug|x86.Build.0 = Debug|Win32
		{07BAC927-A2F2-4C52-8C42-C2EA5F1D96E1}.Release|x64.ActiveCfg = Release|x64
		{07BAC927-A2F2-4C52-8C42-C2EA5F1D96E1}.Release|x64.Build.0 = Release|x64
		{07BAC927-A2F2-4C52-8C42-C2EA5F1D96E1}.Release|x86.ActiveCfg = Release|Win32
		{07BAC927-A2F2-4C52-8C42-C2EA5F1D96E1}.Release|x86.Build.0 = Release|Win32
		{0DC09B76-6305-414D-A90B-65DB1C91D2C5}.Debug|x64.ActiveCfg = Debug|x64
		{0DC09B76-6305-414D-A90B-65DB1C91D2C5}.Debug|x64.Build.0 = Debug|x64
		{0DC09B76-6305-414D-A90B-65DB1C91D2C5}.Debug|x86.ActiveCfg = Debug|Win32
		{0DC09B76-6305-414D-A90B-65DB1C91D2C5}.Debug|x86.Build.0 = Debug|Win32
		{0DC09B76-6305-414D-A90B-65DB1C91D2C5}.Release|x64.ActiveCfg = Release|x64
		{0DC09B76-6305-414D-A90B-65DB1C91D2C5}.Release|x64.Build.0 = Release|x64
		{0DC09B76-6305-414D-A90B-65DB1C91D2C5}.Release|x86.ActiveCfg = Release|Win32
		{0DC09B76-6305-414D-A90B-65DB1C91D2C5}.Release|x86.Build.0 = Release|Win32
	EndGlobalSection
	GlobalSection(SolutionProperties) = preSolution
		HideSolutionNode = FALSE
	EndGlobalSection
	GlobalSection(ExtensibilityGlobals) = postSolution
		SolutionGuid = {01BC2C4B-CFFD-47A7-9D20-54CF56D0B245}
	EndGlobalSection
EndGlobal
