<?xml version="1.0" encoding="utf-8"?>
<Project ToolsVersion="4.0" xmlns="http://schemas.microsoft.com/developer/msbuild/2003">
  <ItemGroup>
    <Filter Include="头文件">
      <UniqueIdentifier>{93995380-89BD-4b04-88EB-625FBE52EBFB}</UniqueIdentifier>
      <Extensions>h;hpp;hxx;hm;inl;inc;xsd</Extensions>
    </Filter>
    <Filter Include="资源文件">
      <UniqueIdentifier>{4FC737F1-C7A5-4376-A066-2A32D752A2FF}</UniqueIdentifier>
      <Extensions>cpp;c;cc;cxx;def;odl;idl;hpj;bat;asm;asmx</Extensions>
    </Filter>
  </ItemGroup>
  <ItemGroup>
    <ClInclude Include="BufferedReader.h">
      <Filter>头文件</Filter>
    </ClInclude>
    <ClInclude Include="CombinedApi.h">
      <Filter>头文件</Filter>
    </ClInclude>
    <ClInclude Include="ComConnection.h">
      <Filter>头文件</Filter>
    </ClInclude>
    <ClInclude Include="Connection.h">
      <Filter>头文件</Filter>
    </ClInclude>
    <ClInclude Include="GbfButton1D.h">
      <Filter>头文件</Filter>
    </ClInclude>
    <ClInclude Include="GbfComponent.h">
      <Filter>头文件</Filter>
    </ClInclude>
    <ClInclude Include="GbfContainer.h">
      <Filter>头文件</Filter>
    </ClInclude>
    <ClInclude Include="GbfData3D.h">
      <Filter>头文件</Filter>
    </ClInclude>
    <ClInclude Include="GbfData6D.h">
      <Filter>头文件</Filter>
    </ClInclude>
    <ClInclude Include="GbfFrame.h">
      <Filter>头文件</Filter>
    </ClInclude>
    <ClInclude Include="GbfSystemAlert.h">
      <Filter>头文件</Filter>
    </ClInclude>
    <ClInclude Include="MarkerData.h">
      <Filter>头文件</Filter>
    </ClInclude>
    <ClInclude Include="PortHandleInfo.h">
      <Filter>头文件</Filter>
    </ClInclude>
    <ClInclude Include="SystemAlert.h">
      <Filter>头文件</Filter>
    </ClInclude>
    <ClInclude Include="SystemCRC.h">
      <Filter>头文件</Filter>
    </ClInclude>
    <ClInclude Include="TcpConnection.h">
      <Filter>头文件</Filter>
    </ClInclude>
    <ClInclude Include="ToolData.h">
      <Filter>头文件</Filter>
    </ClInclude>
    <ClInclude Include="Transform.h">
      <Filter>头文件</Filter>
    </ClInclude>
  </ItemGroup>
  <ItemGroup>
    <ClCompile Include="BufferedReader.cpp">
      <Filter>资源文件</Filter>
    </ClCompile>
    <ClCompile Include="CombinedApi.cpp">
      <Filter>资源文件</Filter>
    </ClCompile>
    <ClCompile Include="ComConnection.cpp">
      <Filter>资源文件</Filter>
    </ClCompile>
    <ClCompile Include="GbfButton1D.cpp">
      <Filter>资源文件</Filter>
    </ClCompile>
    <ClCompile Include="GbfComponent.cpp">
      <Filter>资源文件</Filter>
    </ClCompile>
    <ClCompile Include="GbfContainer.cpp">
      <Filter>资源文件</Filter>
    </ClCompile>
    <ClCompile Include="GbfData3D.cpp">
      <Filter>资源文件</Filter>
    </ClCompile>
    <ClCompile Include="GbfData6D.cpp">
      <Filter>资源文件</Filter>
    </ClCompile>
    <ClCompile Include="GbfFrame.cpp">
      <Filter>资源文件</Filter>
    </ClCompile>
    <ClCompile Include="GbfSystemAlert.cpp">
      <Filter>资源文件</Filter>
    </ClCompile>
    <ClCompile Include="MarkerData.cpp">
      <Filter>资源文件</Filter>
    </ClCompile>
    <ClCompile Include="PortHandleInfo.cpp">
      <Filter>资源文件</Filter>
    </ClCompile>
    <ClCompile Include="SystemAlert.cpp">
      <Filter>资源文件</Filter>
    </ClCompile>
    <ClCompile Include="SystemCRC.cpp">
      <Filter>资源文件</Filter>
    </ClCompile>
    <ClCompile Include="TcpConnection.cpp">
      <Filter>资源文件</Filter>
    </ClCompile>
    <ClCompile Include="ToolData.cpp">
      <Filter>资源文件</Filter>
    </ClCompile>
    <ClCompile Include="Transform.cpp">
      <Filter>资源文件</Filter>
    </ClCompile>
  </ItemGroup>
</Project>