<?xml version="1.0" encoding="utf-8"?>
<Project ToolsVersion="4.0" xmlns="http://schemas.microsoft.com/developer/msbuild/2003">
  <ItemGroup>
    <Filter Include="源文件">
      <UniqueIdentifier>{4FC737F1-C7A5-4376-A066-2A32D752A2FF}</UniqueIdentifier>
      <Extensions>cpp;c;cc;cxx;def;odl;idl;hpj;bat;asm;asmx</Extensions>
    </Filter>
    <Filter Include="头文件">
      <UniqueIdentifier>{93995380-89BD-4b04-88EB-625FBE52EBFB}</UniqueIdentifier>
      <Extensions>h;hpp;hxx;hm;inl;inc;xsd</Extensions>
    </Filter>
    <Filter Include="资源文件">
      <UniqueIdentifier>{67DA6AB6-F800-4c08-8B7A-83BB121AAD01}</UniqueIdentifier>
      <Extensions>rc;ico;cur;bmp;dlg;rc2;rct;bin;rgs;gif;jpg;jpeg;jpe;resx;tiff;tif;png;wav</Extensions>
    </Filter>
  </ItemGroup>
  <ItemGroup>
    <ClCompile Include="CmdProxy.cpp">
      <Filter>源文件</Filter>
    </ClCompile>
    <ClCompile Include="ComUtility.cpp">
      <Filter>源文件</Filter>
    </ClCompile>
    <ClCompile Include="DiskManager.cpp">
      <Filter>源文件</Filter>
    </ClCompile>
    <ClCompile Include="dllmain.cpp">
      <Filter>源文件</Filter>
    </ClCompile>
    <ClCompile Include="FSEnableProcessPriority.cpp">
      <Filter>源文件</Filter>
    </ClCompile>
    <ClCompile Include="FSFileSysHelper.cpp">
      <Filter>源文件</Filter>
    </ClCompile>
    <ClCompile Include="FsStringConvert.cpp">
      <Filter>源文件</Filter>
    </ClCompile>
    <ClCompile Include="FSStringHelper.cpp">
      <Filter>源文件</Filter>
    </ClCompile>
    <ClCompile Include="FSUnicode.cpp">
      <Filter>源文件</Filter>
    </ClCompile>
    <ClCompile Include="GDIEncode.cpp">
      <Filter>源文件</Filter>
    </ClCompile>
    <ClCompile Include="GraphicsCardEnum.cpp">
      <Filter>源文件</Filter>
    </ClCompile>
    <ClCompile Include="IniFile.cpp">
      <Filter>源文件</Filter>
    </ClCompile>
    <ClCompile Include="PathStringFuntion.cpp">
      <Filter>源文件</Filter>
    </ClCompile>
    <ClCompile Include="PathUtility.cpp">
      <Filter>源文件</Filter>
    </ClCompile>
    <ClCompile Include="singleton.cpp">
      <Filter>源文件</Filter>
    </ClCompile>
    <ClCompile Include="stdafx.cpp">
      <Filter>源文件</Filter>
    </ClCompile>
    <ClCompile Include="StringBuilder.cpp">
      <Filter>源文件</Filter>
    </ClCompile>
    <ClCompile Include="SystemInfo.cpp">
      <Filter>源文件</Filter>
    </ClCompile>
    <ClCompile Include="SystemDrive.cpp">
      <Filter>源文件</Filter>
    </ClCompile>
    <ClCompile Include="GlobalWndFunction.cpp">
      <Filter>源文件</Filter>
    </ClCompile>
    <ClCompile Include="MySqlService.cpp">
      <Filter>源文件</Filter>
    </ClCompile>
    <ClCompile Include="SysPathManager.cpp">
      <Filter>源文件</Filter>
    </ClCompile>
    <ClCompile Include="Base64.cpp">
      <Filter>源文件</Filter>
    </ClCompile>
    <ClCompile Include="Coordinate.cpp">
      <Filter>源文件</Filter>
    </ClCompile>
    <ClCompile Include="Matrix.cpp">
      <Filter>源文件</Filter>
    </ClCompile>
  </ItemGroup>
  <ItemGroup>
    <None Include="ComUtility.def">
      <Filter>源文件</Filter>
    </None>
    <None Include="res\ComUtility.rc2">
      <Filter>资源文件</Filter>
    </None>
  </ItemGroup>
  <ItemGroup>
    <ClInclude Include="CmdProxy.h">
      <Filter>头文件</Filter>
    </ClInclude>
    <ClInclude Include="DiskManager.h">
      <Filter>头文件</Filter>
    </ClInclude>
    <ClInclude Include="FSEnableProcessPriority.h">
      <Filter>头文件</Filter>
    </ClInclude>
    <ClInclude Include="FSFileSysHelper.h">
      <Filter>头文件</Filter>
    </ClInclude>
    <ClInclude Include="FsStringConvert.h">
      <Filter>头文件</Filter>
    </ClInclude>
    <ClInclude Include="FSStringHelper.h">
      <Filter>头文件</Filter>
    </ClInclude>
    <ClInclude Include="FSUnicode.h">
      <Filter>头文件</Filter>
    </ClInclude>
    <ClInclude Include="GDIEncode.h">
      <Filter>头文件</Filter>
    </ClInclude>
    <ClInclude Include="GraphicsCardEnum.h">
      <Filter>头文件</Filter>
    </ClInclude>
    <ClInclude Include="IniFile.h">
      <Filter>头文件</Filter>
    </ClInclude>
    <ClInclude Include="PathStringFuntion.h">
      <Filter>头文件</Filter>
    </ClInclude>
    <ClInclude Include="PathUtility.h">
      <Filter>头文件</Filter>
    </ClInclude>
    <ClInclude Include="Resource.h">
      <Filter>头文件</Filter>
    </ClInclude>
    <ClInclude Include="singleton.h">
      <Filter>头文件</Filter>
    </ClInclude>
    <ClInclude Include="stdafx.h">
      <Filter>头文件</Filter>
    </ClInclude>
    <ClInclude Include="StringBuilder.h">
      <Filter>头文件</Filter>
    </ClInclude>
    <ClInclude Include="synobj.h">
      <Filter>头文件</Filter>
    </ClInclude>
    <ClInclude Include="SystemInfo.h">
      <Filter>头文件</Filter>
    </ClInclude>
    <ClInclude Include="targetver.h">
      <Filter>头文件</Filter>
    </ClInclude>
    <ClInclude Include="SystemDrive.h">
      <Filter>头文件</Filter>
    </ClInclude>
    <ClInclude Include="GlobalWndFunction.h">
      <Filter>头文件</Filter>
    </ClInclude>
    <ClInclude Include="MySqlService.h">
      <Filter>头文件</Filter>
    </ClInclude>
    <ClInclude Include="SysPathManager.h">
      <Filter>头文件</Filter>
    </ClInclude>
    <ClInclude Include="Base64.h">
      <Filter>头文件</Filter>
    </ClInclude>
    <ClInclude Include="Coordinate.h">
      <Filter>头文件</Filter>
    </ClInclude>
    <ClInclude Include="Matrix.h">
      <Filter>头文件</Filter>
    </ClInclude>
  </ItemGroup>
  <ItemGroup>
    <ResourceCompile Include="ComUtility.rc">
      <Filter>资源文件</Filter>
    </ResourceCompile>
  </ItemGroup>
  <ItemGroup>
    <Text Include="ReadMe.txt" />
  </ItemGroup>
</Project>